
Microsoft Visual Studio Solution File, Format Version 12.00
# Visual Studio 15
VisualStudioVersion = 15.0.26430.14
MinimumVisualStudioVersion = 10.0.40219.1
Project("{E24C65DC-7377-472B-9ABA-BC803B73C61A}") = "WEB", "WEB\", "{E7C5E1AB-99BF-4649-B998-765F805B6E28}"
	ProjectSection(WebsiteProperties) = preProject
		TargetFrameworkMoniker = ".NETFramework,Version%3Dv4.5.2"
		ProjectReferences = "{f31b8e78-de2d-430f-8b8e-06a0c67cfc0e}|CTR.dll;{196d4742-0daf-4810-9d6f-7e3a104666b7}|DAO.dll;{e9fc07c2-2f7c-4dd5-b2b7-645b34af3b0c}|DTO.dll;"
		Debug.AspNetCompiler.VirtualPath = "/localhost_49533"
		Debug.AspNetCompiler.PhysicalPath = "WEB\"
		Debug.AspNetCompiler.TargetPath = "PrecompiledWeb\localhost_49533\"
		Debug.AspNetCompiler.Updateable = "true"
		Debug.AspNetCompiler.ForceOverwrite = "true"
		Debug.AspNetCompiler.FixedNames = "false"
		Debug.AspNetCompiler.Debug = "True"
		Release.AspNetCompiler.VirtualPath = "/localhost_49533"
		Release.AspNetCompiler.PhysicalPath = "WEB\"
		Release.AspNetCompiler.TargetPath = "PrecompiledWeb\localhost_49533\"
		Release.AspNetCompiler.Updateable = "true"
		Release.AspNetCompiler.ForceOverwrite = "true"
		Release.AspNetCompiler.FixedNames = "false"
		Release.AspNetCompiler.Debug = "False"
		VWDPort = "49533"
		SlnRelativePath = "WEB\"
		DefaultWebSiteLanguage = "Visual C#"
	EndProjectSection
EndProject
Project("{FAE04EC0-301F-11D3-BF4B-00C04F79EFBC}") = "DAO", "DAO\DAO.csproj", "{196D4742-0DAF-4810-9D6F-7E3A104666B7}"
EndProject
Project("{FAE04EC0-301F-11D3-BF4B-00C04F79EFBC}") = "CTR", "CTR\CTR.csproj", "{F31B8E78-DE2D-430F-8B8E-06A0C67CFC0E}"
EndProject
Project("{FAE04EC0-301F-11D3-BF4B-00C04F79EFBC}") = "DTO", "DTO\DTO.csproj", "{E9FC07C2-2F7C-4DD5-B2B7-645B34AF3B0C}"
EndProject
Global
	GlobalSection(SolutionConfigurationPlatforms) = preSolution
		Debug|Any CPU = Debug|Any CPU
		Release|Any CPU = Release|Any CPU
	EndGlobalSection
	GlobalSection(ProjectConfigurationPlatforms) = postSolution
		{E7C5E1AB-99BF-4649-B998-765F805B6E28}.Debug|Any CPU.ActiveCfg = Debug|Any CPU
		{E7C5E1AB-99BF-4649-B998-765F805B6E28}.Debug|Any CPU.Build.0 = Debug|Any CPU
		{E7C5E1AB-99BF-4649-B998-765F805B6E28}.Release|Any CPU.ActiveCfg = Debug|Any CPU
		{E7C5E1AB-99BF-4649-B998-765F805B6E28}.Release|Any CPU.Build.0 = Debug|Any CPU
		{196D4742-0DAF-4810-9D6F-7E3A104666B7}.Debug|Any CPU.ActiveCfg = Debug|Any CPU
		{196D4742-0DAF-4810-9D6F-7E3A104666B7}.Debug|Any CPU.Build.0 = Debug|Any CPU
		{196D4742-0DAF-4810-9D6F-7E3A104666B7}.Release|Any CPU.ActiveCfg = Release|Any CPU
		{196D4742-0DAF-4810-9D6F-7E3A104666B7}.Release|Any CPU.Build.0 = Release|Any CPU
		{F31B8E78-DE2D-430F-8B8E-06A0C67CFC0E}.Debug|Any CPU.ActiveCfg = Debug|Any CPU
		{F31B8E78-DE2D-430F-8B8E-06A0C67CFC0E}.Debug|Any CPU.Build.0 = Debug|Any CPU
		{F31B8E78-DE2D-430F-8B8E-06A0C67CFC0E}.Release|Any CPU.ActiveCfg = Release|Any CPU
		{F31B8E78-DE2D-430F-8B8E-06A0C67CFC0E}.Release|Any CPU.Build.0 = Release|Any CPU
		{E9FC07C2-2F7C-4DD5-B2B7-645B34AF3B0C}.Debug|Any CPU.ActiveCfg = Debug|Any CPU
		{E9FC07C2-2F7C-4DD5-B2B7-645B34AF3B0C}.Debug|Any CPU.Build.0 = Debug|Any CPU
		{E9FC07C2-2F7C-4DD5-B2B7-645B34AF3B0C}.Release|Any CPU.ActiveCfg = Release|Any CPU
		{E9FC07C2-2F7C-4DD5-B2B7-645B34AF3B0C}.Release|Any CPU.Build.0 = Release|Any CPU
	EndGlobalSection
	GlobalSection(SolutionProperties) = preSolution
		HideSolutionNode = FALSE
	EndGlobalSection
EndGlobal
